// !$*UTF8*$!
{
	archiveVersion = 1;
	classes = {
	};
	objectVersion = 50;
	objects = {

/* Begin PBXBuildFile section */
		D94B387122FC858E00A8258C /* PlaySoundsViewController + Audio.swift in Sources */ = {isa = PBXBuildFile; fileRef = D94B387022FC858E00A8258C /* PlaySoundsViewController + Audio.swift */; };
		D9A2AFCB22FAD06D00ACBE3F /* AppDelegate.swift in Sources */ = {isa = PBXBuildFile; fileRef = D9A2AFCA22FAD06D00ACBE3F /* AppDelegate.swift */; };
		D9A2AFCD22FAD06D00ACBE3F /* ViewController.swift in Sources */ = {isa = PBXBuildFile; fileRef = D9A2AFCC22FAD06D00ACBE3F /* ViewController.swift */; };
		D9A2AFD022FAD06D00ACBE3F /* Main.storyboard in Resources */ = {isa = PBXBuildFile; fileRef = D9A2AFCE22FAD06D00ACBE3F /* Main.storyboard */; };
		D9A2AFD222FAD06F00ACBE3F /* Assets.xcassets in Resources */ = {isa = PBXBuildFile; fileRef = D9A2AFD122FAD06F00ACBE3F /* Assets.xcassets */; };
		D9A2AFD522FAD06F00ACBE3F /* LaunchScreen.storyboard in Resources */ = {isa = PBXBuildFile; fileRef = D9A2AFD322FAD06F00ACBE3F /* LaunchScreen.storyboard */; };
		D9CDE13C22FC3D8E000915F8 /* PlaySoundsViewController.swift in Sources */ = {isa = PBXBuildFile; fileRef = D9CDE13B22FC3D8E000915F8 /* PlaySoundsViewController.swift */; };
/* End PBXBuildFile section */

/* Begin PBXFileReference section */
		D94B387022FC858E00A8258C /* PlaySoundsViewController + Audio.swift */ = {isa = PBXFileReference; lastKnownFileType = sourcecode.swift; path = "PlaySoundsViewController + Audio.swift"; sourceTree = "<group>"; };
		D9A2AFC722FAD06D00ACBE3F /* PitchPerfect_AH.app */ = {isa = PBXFileReference; explicitFileType = wrapper.application; includeInIndex = 0; path = PitchPerfect_AH.app; sourceTree = BUILT_PRODUCTS_DIR; };
		D9A2AFCA22FAD06D00ACBE3F /* AppDelegate.swift */ = {isa = PBXFileReference; lastKnownFileType = sourcecode.swift; path = AppDelegate.swift; sourceTree = "<group>"; };
		D9A2AFCC22FAD06D00ACBE3F /* ViewController.swift */ = {isa = PBXFileReference; lastKnownFileType = sourcecode.swift; path = ViewController.swift; sourceTree = "<group>"; };
		D9A2AFCF22FAD06D00ACBE3F /* Base */ = {isa = PBXFileReference; lastKnownFileType = file.storyboard; name = Base; path = Base.lproj/Main.storyboard; sourceTree = "<group>"; };
		D9A2AFD122FAD06F00ACBE3F /* Assets.xcassets */ = {isa = PBXFileReference; lastKnownFileType = folder.assetcatalog; path = Assets.xcassets; sourceTree = "<group>"; };
		D9A2AFD422FAD06F00ACBE3F /* Base */ = {isa = PBXFileReference; lastKnownFileType = file.storyboard; name = Base; path = Base.lproj/LaunchScreen.storyboard; sourceTree = "<group>"; };
		D9A2AFD622FAD06F00ACBE3F /* Info.plist */ = {isa = PBXFileReference; lastKnownFileType = text.plist.xml; path = Info.plist; sourceTree = "<group>"; };
		D9CDE13B22FC3D8E000915F8 /* PlaySoundsViewController.swift */ = {isa = PBXFileReference; lastKnownFileType = sourcecode.swift; path = PlaySoundsViewController.swift; sourceTree = "<group>"; };
/* End PBXFileReference section */

/* Begin PBXFrameworksBuildPhase section */
		D9A2AFC422FAD06D00ACBE3F /* Frameworks */ = {
			isa = PBXFrameworksBuildPhase;
			buildActionMask = 2147483647;
			files = (
			);
			runOnlyForDeploymentPostprocessing = 0;
		};
/* End PBXFrameworksBuildPhase section */

/* Begin PBXGroup section */
		D9A2AFBE22FAD06C00ACBE3F = {
			isa = PBXGroup;
			children = (
				D9A2AFC922FAD06D00ACBE3F /* PitchPerfect_AH */,
				D9A2AFC822FAD06D00ACBE3F /* Products */,
			);
			sourceTree = "<group>";
		};
		D9A2AFC822FAD06D00ACBE3F /* Products */ = {
			isa = PBXGroup;
			children = (
				D9A2AFC722FAD06D00ACBE3F /* PitchPerfect_AH.app */,
			);
			name = Products;
			sourceTree = "<group>";
		};
		D9A2AFC922FAD06D00ACBE3F /* PitchPerfect_AH */ = {
			isa = PBXGroup;
			children = (
				D9A2AFCA22FAD06D00ACBE3F /* AppDelegate.swift */,
				D9A2AFCE22FAD06D00ACBE3F /* Main.storyboard */,
				D9A2AFD122FAD06F00ACBE3F /* Assets.xcassets */,
				D9A2AFD322FAD06F00ACBE3F /* LaunchScreen.storyboard */,
				D9A2AFD622FAD06F00ACBE3F /* Info.plist */,
				D9A2AFCC22FAD06D00ACBE3F /* ViewController.swift */,
				D9CDE13B22FC3D8E000915F8 /* PlaySoundsViewController.swift */,
				D94B387022FC858E00A8258C /* PlaySoundsViewController + Audio.swift */,
			);
			path = PitchPerfect_AH;
			sourceTree = "<group>";
		};
/* End PBXGroup section */

/* Begin PBXNativeTarget section */
		D9A2AFC622FAD06D00ACBE3F /* PitchPerfect_AH */ = {
			isa = PBXNativeTarget;
			buildConfigurationList = D9A2AFD922FAD06F00ACBE3F /* Build configuration list for PBXNativeTarget "PitchPerfect_AH" */;
			buildPhases = (
				D9A2AFC322FAD06D00ACBE3F /* Sources */,
				D9A2AFC422FAD06D00ACBE3F /* Frameworks */,
				D9A2AFC522FAD06D00ACBE3F /* Resources */,
			);
			buildRules = (
			);
			dependencies = (
			);
			name = PitchPerfect_AH;
			productName = PitchPerfect_AH;
			productReference = D9A2AFC722FAD06D00ACBE3F /* PitchPerfect_AH.app */;
			productType = "com.apple.product-type.application";
		};
/* End PBXNativeTarget section */

/* Begin PBXProject section */
		D9A2AFBF22FAD06C00ACBE3F /* Project object */ = {
			isa = PBXProject;
			attributes = {
				LastSwiftUpdateCheck = 1010;
				LastUpgradeCheck = 1010;
				ORGANIZATIONNAME = "Vahan's MBP";
				TargetAttributes = {
					D9A2AFC622FAD06D00ACBE3F = {
						CreatedOnToolsVersion = 10.1;
					};
				};
			};
			buildConfigurationList = D9A2AFC222FAD06C00ACBE3F /* Build configuration list for PBXProject "PitchPerfect_AH" */;
			compatibilityVersion = "Xcode 9.3";
			developmentRegion = en;
			hasScannedForEncodings = 0;
			knownRegions = (
				en,
				Base,
			);
			mainGroup = D9A2AFBE22FAD06C00ACBE3F;
			productRefGroup = D9A2AFC822FAD06D00ACBE3F /* Products */;
			projectDirPath = "";
			projectRoot = "";
			targets = (
				D9A2AFC622FAD06D00ACBE3F /* PitchPerfect_AH */,
			);
		};
/* End PBXProject section */

/* Begin PBXResourcesBuildPhase section */
		D9A2AFC522FAD06D00ACBE3F /* Resources */ = {
			isa = PBXResourcesBuildPhase;
			buildActionMask = 2147483647;
			files = (
				D9A2AFD522FAD06F00ACBE3F /* LaunchScreen.storyboard in Resources */,
				D9A2AFD222FAD06F00ACBE3F /* Assets.xcassets in Resources */,
				D9A2AFD022FAD06D00ACBE3F /* Main.storyboard in Resources */,
			);
			runOnlyForDeploymentPostprocessing = 0;
		};
/* End PBXResourcesBuildPhase section */

/* Begin PBXSourcesBuildPhase section */
		D9A2AFC322FAD06D00ACBE3F /* Sources */ = {
			isa = PBXSourcesBuildPhase;
			buildActionMask = 2147483647;
			files = (
				D9A2AFCD22FAD06D00ACBE3F /* ViewController.swift in Sources */,
				D9CDE13C22FC3D8E000915F8 /* PlaySoundsViewController.swift in Sources */,
				D9A2AFCB22FAD06D00ACBE3F /* AppDelegate.swift in Sources */,
				D94B387122FC858E00A8258C /* PlaySoundsViewController + Audio.swift in Sources */,
			);
			runOnlyForDeploymentPostprocessing = 0;
		};
/* End PBXSourcesBuildPhase section */

/* Begin PBXVariantGroup section */
		D9A2AFCE22FAD06D00ACBE3F /* Main.storyboard */ = {
			isa = PBXVariantGroup;
			children = (
				D9A2AFCF22FAD06D00ACBE3F /* Base */,
			);
			name = Main.storyboard;
			sourceTree = "<group>";
		};
		D9A2AFD322FAD06F00ACBE3F /* LaunchScreen.storyboard */ = {
			isa = PBXVariantGroup;
			children = (
				D9A2AFD422FAD06F00ACBE3F /* Base */,
			);
			name = LaunchScreen.storyboard;
			sourceTree = "<group>";
		};
/* End PBXVariantGroup section */

/* Begin XCBuildConfiguration section */
		D9A2AFD722FAD06F00ACBE3F /* Debug */ = {
			isa = XCBuildConfiguration;
			buildSettings = {
				ALWAYS_SEARCH_USER_PATHS = NO;
				CLANG_ANALYZER_NONNULL = YES;
				CLANG_ANALYZER_NUMBER_OBJECT_CONVERSION = YES_AGGRESSIVE;
				CLANG_CXX_LANGUAGE_STANDARD = "gnu++14";
				CLANG_CXX_LIBRARY = "libc++";
				CLANG_ENABLE_MODULES = YES;
				CLANG_ENABLE_OBJC_ARC = YES;
				CLANG_ENABLE_OBJC_WEAK = YES;
				CLANG_WARN_BLOCK_CAPTURE_AUTORELEASING = YES;
				CLANG_WARN_BOOL_CONVERSION = YES;
				CLANG_WARN_COMMA = YES;
				CLANG_WARN_CONSTANT_CONVERSION = YES;
				CLANG_WARN_DEPRECATED_OBJC_IMPLEMENTATIONS = YES;
				CLANG_WARN_DIRECT_OBJC_ISA_USAGE = YES_ERROR;
				CLANG_WARN_DOCUMENTATION_COMMENTS = YES;
				CLANG_WARN_EMPTY_BODY = YES;
				CLANG_WARN_ENUM_CONVERSION = YES;
				CLANG_WARN_INFINITE_RECURSION = YES;
				CLANG_WARN_INT_CONVERSION = YES;
				CLANG_WARN_NON_LITERAL_NULL_CONVERSION = YES;
				CLANG_WARN_OBJC_IMPLICIT_RETAIN_SELF = YES;
				CLANG_WARN_OBJC_LITERAL_CONVERSION = YES;
				CLANG_WARN_OBJC_ROOT_CLASS = YES_ERROR;
				CLANG_WARN_RANGE_LOOP_ANALYSIS = YES;
				CLANG_WARN_STRICT_PROTOTYPES = YES;
				CLANG_WARN_SUSPICIOUS_MOVE = YES;
				CLANG_WARN_UNGUARDED_AVAILABILITY = YES_AGGRESSIVE;
				CLANG_WARN_UNREACHABLE_CODE = YES;
				CLANG_WARN__DUPLICATE_METHOD_MATCH = YES;
				CODE_SIGN_IDENTITY = "iPhone Developer";
				COPY_PHASE_STRIP = NO;
				DEBUG_INFORMATION_FORMAT = dwarf;
				ENABLE_STRICT_OBJC_MSGSEND = YES;
				ENABLE_TESTABILITY = YES;
				GCC_C_LANGUAGE_STANDARD = gnu11;
				GCC_DYNAMIC_NO_PIC = NO;
				GCC_NO_COMMON_BLOCKS = YES;
				GCC_OPTIMIZATION_LEVEL = 0;
				GCC_PREPROCESSOR_DEFINITIONS = (
					"DEBUG=1",
					"$(inherited)",
				);
				GCC_WARN_64_TO_32_BIT_CONVERSION = YES;
				GCC_WARN_ABOUT_RETURN_TYPE = YES_ERROR;
				GCC_WARN_UNDECLARED_SELECTOR = YES;
				GCC_WARN_UNINITIALIZED_AUTOS = YES_AGGRESSIVE;
				GCC_WARN_UNUSED_FUNCTION = YES;
				GCC_WARN_UNUSED_VARIABLE = YES;
				IPHONEOS_DEPLOYMENT_TARGET = 12.1;
				MTL_ENABLE_DEBUG_INFO = INCLUDE_SOURCE;
				MTL_FAST_MATH = YES;
				ONLY_ACTIVE_ARCH = YES;
				SDKROOT = iphoneos;
				SWIFT_ACTIVE_COMPILATION_CONDITIONS = DEBUG;
				SWIFT_OPTIMIZATION_LEVEL = "-Onone";
			};
			name = Debug;
		};
		D9A2AFD822FAD06F00ACBE3F /* Release */ = {
			isa = XCBuildConfiguration;
			buildSettings = {
				ALWAYS_SEARCH_USER_PATHS = NO;
				CLANG_ANALYZER_NONNULL = YES;
				CLANG_ANALYZER_NUMBER_OBJECT_CONVERSION = YES_AGGRESSIVE;
				CLANG_CXX_LANGUAGE_STANDARD = "gnu++14";
				CLANG_CXX_LIBRARY = "libc++";
				CLANG_ENABLE_MODULES = YES;
				CLANG_ENABLE_OBJC_ARC = YES;
				CLANG_ENABLE_OBJC_WEAK = YES;
				CLANG_WARN_BLOCK_CAPTURE_AUTORELEASING = YES;
				CLANG_WARN_BOOL_CONVERSION = YES;
				CLANG_WARN_COMMA = YES;
				CLANG_WARN_CONSTANT_CONVERSION = YES;
				CLANG_WARN_DEPRECATED_OBJC_IMPLEMENTATIONS = YES;
				CLANG_WARN_DIRECT_OBJC_ISA_USAGE = YES_ERROR;
				CLANG_WARN_DOCUMENTATION_COMMENTS = YES;
				CLANG_WARN_EMPTY_BODY = YES;
				CLANG_WARN_ENUM_CONVERSION = YES;
				CLANG_WARN_INFINITE_RECURSION = YES;
				CLANG_WARN_INT_CONVERSION = YES;
				CLANG_WARN_NON_LITERAL_NULL_CONVERSION = YES;
				CLANG_WARN_OBJC_IMPLICIT_RETAIN_SELF = YES;
				CLANG_WARN_OBJC_LITERAL_CONVERSION = YES;
				CLANG_WARN_OBJC_ROOT_CLASS = YES_ERROR;
				CLANG_WARN_RANGE_LOOP_ANALYSIS = YES;
				CLANG_WARN_STRICT_PROTOTYPES = YES;
				CLANG_WARN_SUSPICIOUS_MOVE = YES;
				CLANG_WARN_UNGUARDED_AVAILABILITY = YES_AGGRESSIVE;
				CLANG_WARN_UNREACHABLE_CODE = YES;
				CLANG_WARN__DUPLICATE_METHOD_MATCH = YES;
				CODE_SIGN_IDENTITY = "iPhone Developer";
				COPY_PHASE_STRIP = NO;
				DEBUG_INFORMATION_FORMAT = "dwarf-with-dsym";
				ENABLE_NS_ASSERTIONS = NO;
				ENABLE_STRICT_OBJC_MSGSEND = YES;
				GCC_C_LANGUAGE_STANDARD = gnu11;
				GCC_NO_COMMON_BLOCKS = YES;
				GCC_WARN_64_TO_32_BIT_CONVERSION = YES;
				GCC_WARN_ABOUT_RETURN_TYPE = YES_ERROR;
				GCC_WARN_UNDECLARED_SELECTOR = YES;
				GCC_WARN_UNINITIALIZED_AUTOS = YES_AGGRESSIVE;
				GCC_WARN_UNUSED_FUNCTION = YES;
				GCC_WARN_UNUSED_VARIABLE = YES;
				IPHONEOS_DEPLOYMENT_TARGET = 12.1;
				MTL_ENABLE_DEBUG_INFO = NO;
				MTL_FAST_MATH = YES;
				SDKROOT = iphoneos;
				SWIFT_COMPILATION_MODE = wholemodule;
				SWIFT_OPTIMIZATION_LEVEL = "-O";
				VALIDATE_PRODUCT = YES;
			};
			name = Release;
		};
		D9A2AFDA22FAD06F00ACBE3F /* Debug */ = {
			isa = XCBuildConfiguration;
			buildSettings = {
				ASSETCATALOG_COMPILER_APPICON_NAME = AppIcon;
				CODE_SIGN_STYLE = Automatic;
				DEVELOPMENT_TEAM = HYZ9R45U2W;
				INFOPLIST_FILE = PitchPerfect_AH/Info.plist;
				IPHONEOS_DEPLOYMENT_TARGET = 11.2;
				LD_RUNPATH_SEARCH_PATHS = (
					"$(inherited)",
					"@executable_path/Frameworks",
				);
				PRODUCT_BUNDLE_IDENTIFIER = "com.example.test.PitchPerfect-AH";
				PRODUCT_NAME = "$(TARGET_NAME)";
				SWIFT_VERSION = 4.2;
				TARGETED_DEVICE_FAMILY = 1;
			};
			name = Debug;
		};
		D9A2AFDB22FAD06F00ACBE3F /* Release */ = {
			isa = XCBuildConfiguration;
			buildSettings = {
				ASSETCATALOG_COMPILER_APPICON_NAME = AppIcon;
				CODE_SIGN_STYLE = Automatic;
				DEVELOPMENT_TEAM = HYZ9R45U2W;
				INFOPLIST_FILE = PitchPerfect_AH/Info.plist;
				IPHONEOS_DEPLOYMENT_TARGET = 11.2;
				LD_RUNPATH_SEARCH_PATHS = (
					"$(inherited)",
					"@executable_path/Frameworks",
				);
				PRODUCT_BUNDLE_IDENTIFIER = "com.example.test.PitchPerfect-AH";
				PRODUCT_NAME = "$(TARGET_NAME)";
				SWIFT_VERSION = 4.2;
				TARGETED_DEVICE_FAMILY = 1;
			};
			name = Release;
		};
/* End XCBuildConfiguration section */

/* Begin XCConfigurationList section */
		D9A2AFC222FAD06C00ACBE3F /* Build configuration list for PBXProject "PitchPerfect_AH" */ = {
			isa = XCConfigurationList;
			buildConfigurations = (
				D9A2AFD722FAD06F00ACBE3F /* Debug */,
				D9A2AFD822FAD06F00ACBE3F /* Release */,
			);
			defaultConfigurationIsVisible = 0;
			defaultConfigurationName = Release;
		};
		D9A2AFD922FAD06F00ACBE3F /* Build configuration list for PBXNativeTarget "PitchPerfect_AH" */ = {
			isa = XCConfigurationList;
			buildConfigurations = (
				D9A2AFDA22FAD06F00ACBE3F /* Debug */,
				D9A2AFDB22FAD06F00ACBE3F /* Release */,
			);
			defaultConfigurationIsVisible = 0;
			defaultConfigurationName = Release;
		};
/* End XCConfigurationList section */
	};
	rootObject = D9A2AFBF22FAD06C00ACBE3F /* Project object */;
}
